// !$*UTF8*$!
{
	archiveVersion = 1;
	classes = {
	};
	objectVersion = 77;
	objects = {

/* Begin PBXContainerItemProxy section */
		F7AA4B162E4532190019C34E /* PBXContainerItemProxy */ = {
			isa = PBXContainerItemProxy;
			containerPortal = F7AA4B002E4532180019C34E /* Project object */;
			proxyType = 1;
			remoteGlobalIDString = F7AA4B072E4532180019C34E;
			remoteInfo = TicketBox;
		};
		F7AA4B202E4532190019C34E /* PBXContainerItemProxy */ = {
			isa = PBXContainerItemProxy;
			containerPortal = F7AA4B002E4532180019C34E /* Project object */;
			proxyType = 1;
			remoteGlobalIDString = F7AA4B072E4532180019C34E;
			remoteInfo = TicketBox;
		};
/* End PBXContainerItemProxy section */

/* Begin PBXFileReference section */
		F7AA4B082E4532180019C34E /* TicketBox.app */ = {isa = PBXFileReference; explicitFileType = wrapper.application; includeInIndex = 0; path = TicketBox.app; sourceTree = BUILT_PRODUCTS_DIR; };
		F7AA4B152E4532190019C34E /* TicketBoxTests.xctest */ = {isa = PBXFileReference; explicitFileType = wrapper.cfbundle; includeInIndex = 0; path = TicketBoxTests.xctest; sourceTree = BUILT_PRODUCTS_DIR; };
		F7AA4B1F2E4532190019C34E /* TicketBoxUITests.xctest */ = {isa = PBXFileReference; explicitFileType = wrapper.cfbundle; includeInIndex = 0; path = TicketBoxUITests.xctest; sourceTree = BUILT_PRODUCTS_DIR; };
/* End PBXFileReference section */

/* Begin PBXFileSystemSynchronizedRootGroup section */
		F7AA4B0A2E4532180019C34E /* TicketBox */ = {
			isa = PBXFileSystemSynchronizedRootGroup;
			path = TicketBox;
			sourceTree = "<group>";
		};
		F7AA4B182E4532190019C34E /* TicketBoxTests */ = {
			isa = PBXFileSystemSynchronizedRootGroup;
			path = TicketBoxTests;
			sourceTree = "<group>";
		};
		F7AA4B222E4532190019C34E /* TicketBoxUITests */ = {
			isa = PBXFileSystemSynchronizedRootGroup;
			path = TicketBoxUITests;
			sourceTree = "<group>";
		};
/* End PBXFileSystemSynchronizedRootGroup section */

/* Begin PBXFrameworksBuildPhase section */
		F7AA4B052E4532180019C34E /* Frameworks */ = {
			isa = PBXFrameworksBuildPhase;
			buildActionMask = 2147483647;
			files = (
			);
			runOnlyForDeploymentPostprocessing = 0;
		};
		F7AA4B122E4532190019C34E /* Frameworks */ = {
			isa = PBXFrameworksBuildPhase;
			buildActionMask = 2147483647;
			files = (
			);
			runOnlyForDeploymentPostprocessing = 0;
		};
		F7AA4B1C2E4532190019C34E /* Frameworks */ = {
			isa = PBXFrameworksBuildPhase;
			buildActionMask = 2147483647;
			files = (
			);
			runOnlyForDeploymentPostprocessing = 0;
		};
/* End PBXFrameworksBuildPhase section */

/* Begin PBXGroup section */
		F7AA4AFF2E4532180019C34E = {
			isa = PBXGroup;
			children = (
				F7AA4B0A2E4532180019C34E /* TicketBox */,
				F7AA4B182E4532190019C34E /* TicketBoxTests */,
				F7AA4B222E4532190019C34E /* TicketBoxUITests */,
				F7AA4B092E4532180019C34E /* Products */,
			);
			sourceTree = "<group>";
		};
		F7AA4B092E4532180019C34E /* Products */ = {
			isa = PBXGroup;
			children = (
				F7AA4B082E4532180019C34E /* TicketBox.app */,
				F7AA4B152E4532190019C34E /* TicketBoxTests.xctest */,
				F7AA4B1F2E4532190019C34E /* TicketBoxUITests.xctest */,
			);
			name = Products;
			sourceTree = "<group>";
		};
/* End PBXGroup section */

/* Begin PBXNativeTarget section */
		F7AA4B072E4532180019C34E /* TicketBox */ = {
			isa = PBXNativeTarget;
			buildConfigurationList = F7AA4B292E4532190019C34E /* Build configuration list for PBXNativeTarget "TicketBox" */;
			buildPhases = (
				F7AA4B042E4532180019C34E /* Sources */,
				F7AA4B052E4532180019C34E /* Frameworks */,
				F7AA4B062E4532180019C34E /* Resources */,
			);
			buildRules = (
			);
			dependencies = (
			);
			fileSystemSynchronizedGroups = (
				F7AA4B0A2E4532180019C34E /* TicketBox */,
			);
			name = TicketBox;
			packageProductDependencies = (
			);
			productName = TicketBox;
			productReference = F7AA4B082E4532180019C34E /* TicketBox.app */;
			productType = "com.apple.product-type.application";
		};
		F7AA4B142E4532190019C34E /* TicketBoxTests */ = {
			isa = PBXNativeTarget;
			buildConfigurationList = F7AA4B2C2E4532190019C34E /* Build configuration list for PBXNativeTarget "TicketBoxTests" */;
			buildPhases = (
				F7AA4B112E4532190019C34E /* Sources */,
				F7AA4B122E4532190019C34E /* Frameworks */,
				F7AA4B132E4532190019C34E /* Resources */,
			);
			buildRules = (
			);
			dependencies = (
				F7AA4B172E4532190019C34E /* PBXTargetDependency */,
			);
			fileSystemSynchronizedGroups = (
				F7AA4B182E4532190019C34E /* TicketBoxTests */,
			);
			name = TicketBoxTests;
			packageProductDependencies = (
			);
			productName = TicketBoxTests;
			productReference = F7AA4B152E4532190019C34E /* TicketBoxTests.xctest */;
			productType = "com.apple.product-type.bundle.unit-test";
		};
		F7AA4B1E2E4532190019C34E /* TicketBoxUITests */ = {
			isa = PBXNativeTarget;
			buildConfigurationList = F7AA4B2F2E4532190019C34E /* Build configuration list for PBXNativeTarget "TicketBoxUITests" */;
			buildPhases = (
				F7AA4B1B2E4532190019C34E /* Sources */,
				F7AA4B1C2E4532190019C34E /* Frameworks */,
				F7AA4B1D2E4532190019C34E /* Resources */,
			);
			buildRules = (
			);
			dependencies = (
				F7AA4B212E4532190019C34E /* PBXTargetDependency */,
			);
			fileSystemSynchronizedGroups = (
				F7AA4B222E4532190019C34E /* TicketBoxUITests */,
			);
			name = TicketBoxUITests;
			packageProductDependencies = (
			);
			productName = TicketBoxUITests;
			productReference = F7AA4B1F2E4532190019C34E /* TicketBoxUITests.xctest */;
			productType = "com.apple.product-type.bundle.ui-testing";
		};
/* End PBXNativeTarget section */

/* Begin PBXProject section */
		F7AA4B002E4532180019C34E /* Project object */ = {
			isa = PBXProject;
			attributes = {
				BuildIndependentTargetsInParallel = 1;
				LastSwiftUpdateCheck = 1640;
				LastUpgradeCheck = 1640;
				TargetAttributes = {
					F7AA4B072E4532180019C34E = {
						CreatedOnToolsVersion = 16.4;
					};
					F7AA4B142E4532190019C34E = {
						CreatedOnToolsVersion = 16.4;
						TestTargetID = F7AA4B072E4532180019C34E;
					};
					F7AA4B1E2E4532190019C34E = {
						CreatedOnToolsVersion = 16.4;
						TestTargetID = F7AA4B072E4532180019C34E;
					};
				};
			};
			buildConfigurationList = F7AA4B032E4532180019C34E /* Build configuration list for PBXProject "TicketBox" */;
			developmentRegion = en;
			hasScannedForEncodings = 0;
			knownRegions = (
				en,
				Base,
			);
			mainGroup = F7AA4AFF2E4532180019C34E;
			minimizedProjectReferenceProxies = 1;
			preferredProjectObjectVersion = 77;
			productRefGroup = F7AA4B092E4532180019C34E /* Products */;
			projectDirPath = "";
			projectRoot = "";
			targets = (
				F7AA4B072E4532180019C34E /* TicketBox */,
				F7AA4B142E4532190019C34E /* TicketBoxTests */,
				F7AA4B1E2E4532190019C34E /* TicketBoxUITests */,
			);
		};
/* End PBXProject section */

/* Begin PBXResourcesBuildPhase section */
		F7AA4B062E4532180019C34E /* Resources */ = {
			isa = PBXResourcesBuildPhase;
			buildActionMask = 2147483647;
			files = (
			);
			runOnlyForDeploymentPostprocessing = 0;
		};
		F7AA4B132E4532190019C34E /* Resources */ = {
			isa = PBXResourcesBuildPhase;
			buildActionMask = 2147483647;
			files = (
			);
			runOnlyForDeploymentPostprocessing = 0;
		};
		F7AA4B1D2E4532190019C34E /* Resources */ = {
			isa = PBXResourcesBuildPhase;
			buildActionMask = 2147483647;
			files = (
			);
			runOnlyForDeploymentPostprocessing = 0;
		};
/* End PBXResourcesBuildPhase section */

/* Begin PBXSourcesBuildPhase section */
		F7AA4B042E4532180019C34E /* Sources */ = {
			isa = PBXSourcesBuildPhase;
			buildActionMask = 2147483647;
			files = (
			);
			runOnlyForDeploymentPostprocessing = 0;
		};
		F7AA4B112E4532190019C34E /* Sources */ = {
			isa = PBXSourcesBuildPhase;
			buildActionMask = 2147483647;
			files = (
			);
			runOnlyForDeploymentPostprocessing = 0;
		};
		F7AA4B1B2E4532190019C34E /* Sources */ = {
			isa = PBXSourcesBuildPhase;
			buildActionMask = 2147483647;
			files = (
			);
			runOnlyForDeploymentPostprocessing = 0;
		};
/* End PBXSourcesBuildPhase section */

/* Begin PBXTargetDependency section */
		F7AA4B172E4532190019C34E /* PBXTargetDependency */ = {
			isa = PBXTargetDependency;
			target = F7AA4B072E4532180019C34E /* TicketBox */;
			targetProxy = F7AA4B162E4532190019C34E /* PBXContainerItemProxy */;
		};
		F7AA4B212E4532190019C34E /* PBXTargetDependency */ = {
			isa = PBXTargetDependency;
			target = F7AA4B072E4532180019C34E /* TicketBox */;
			targetProxy = F7AA4B202E4532190019C34E /* PBXContainerItemProxy */;
		};
/* End PBXTargetDependency section */

/* Begin XCBuildConfiguration section */
		F7AA4B272E4532190019C34E /* Debug */ = {
			isa = XCBuildConfiguration;
			buildSettings = {
				ALWAYS_SEARCH_USER_PATHS = NO;
				ASSETCATALOG_COMPILER_GENERATE_SWIFT_ASSET_SYMBOL_EXTENSIONS = YES;
				CLANG_ANALYZER_NONNULL = YES;
				CLANG_ANALYZER_NUMBER_OBJECT_CONVERSION = YES_AGGRESSIVE;
				CLANG_CXX_LANGUAGE_STANDARD = "gnu++20";
				CLANG_ENABLE_MODULES = YES;
				CLANG_ENABLE_OBJC_ARC = YES;
				CLANG_ENABLE_OBJC_WEAK = YES;
				CLANG_WARN_BLOCK_CAPTURE_AUTORELEASING = YES;
				CLANG_WARN_BOOL_CONVERSION = YES;
				CLANG_WARN_COMMA = YES;
				CLANG_WARN_CONSTANT_CONVERSION = YES;
				CLANG_WARN_DEPRECATED_OBJC_IMPLEMENTATIONS = YES;
				CLANG_WARN_DIRECT_OBJC_ISA_USAGE = YES_ERROR;
				CLANG_WARN_DOCUMENTATION_COMMENTS = YES;
				CLANG_WARN_EMPTY_BODY = YES;
				CLANG_WARN_ENUM_CONVERSION = YES;
				CLANG_WARN_INFINITE_RECURSION = YES;
				CLANG_WARN_INT_CONVERSION = YES;
				CLANG_WARN_NON_LITERAL_NULL_CONVERSION = YES;
				CLANG_WARN_OBJC_IMPLICIT_RETAIN_SELF = YES;
				CLANG_WARN_OBJC_LITERAL_CONVERSION = YES;
				CLANG_WARN_OBJC_ROOT_CLASS = YES_ERROR;
				CLANG_WARN_QUOTED_INCLUDE_IN_FRAMEWORK_HEADER = YES;
				CLANG_WARN_RANGE_LOOP_ANALYSIS = YES;
				CLANG_WARN_STRICT_PROTOTYPES = YES;
				CLANG_WARN_SUSPICIOUS_MOVE = YES;
				CLANG_WARN_UNGUARDED_AVAILABILITY = YES_AGGRESSIVE;
				CLANG_WARN_UNREACHABLE_CODE = YES;
				CLANG_WARN__DUPLICATE_METHOD_MATCH = YES;
				COPY_PHASE_STRIP = NO;
				DEBUG_INFORMATION_FORMAT = dwarf;
				DEVELOPMENT_TEAM = AQMR747B88;
				ENABLE_STRICT_OBJC_MSGSEND = YES;
				ENABLE_TESTABILITY = YES;
				ENABLE_USER_SCRIPT_SANDBOXING = YES;
				GCC_C_LANGUAGE_STANDARD = gnu17;
				GCC_DYNAMIC_NO_PIC = NO;
				GCC_NO_COMMON_BLOCKS = YES;
				GCC_OPTIMIZATION_LEVEL = 0;
				GCC_PREPROCESSOR_DEFINITIONS = (
					"DEBUG=1",
					"$(inherited)",
				);
				GCC_WARN_64_TO_32_BIT_CONVERSION = YES;
				GCC_WARN_ABOUT_RETURN_TYPE = YES_ERROR;
				GCC_WARN_UNDECLARED_SELECTOR = YES;
				GCC_WARN_UNINITIALIZED_AUTOS = YES_AGGRESSIVE;
				GCC_WARN_UNUSED_FUNCTION = YES;
				GCC_WARN_UNUSED_VARIABLE = YES;
				IPHONEOS_DEPLOYMENT_TARGET = 18.5;
				LOCALIZATION_PREFERS_STRING_CATALOGS = YES;
				MTL_ENABLE_DEBUG_INFO = INCLUDE_SOURCE;
				MTL_FAST_MATH = YES;
				ONLY_ACTIVE_ARCH = YES;
				SDKROOT = iphoneos;
				SWIFT_ACTIVE_COMPILATION_CONDITIONS = "DEBUG $(inherited)";
				SWIFT_OPTIMIZATION_LEVEL = "-Onone";
			};
			name = Debug;
		};
		F7AA4B282E4532190019C34E /* Release */ = {
			isa = XCBuildConfiguration;
			buildSettings = {
				ALWAYS_SEARCH_USER_PATHS = NO;
				ASSETCATALOG_COMPILER_GENERATE_SWIFT_ASSET_SYMBOL_EXTENSIONS = YES;
				CLANG_ANALYZER_NONNULL = YES;
				CLANG_ANALYZER_NUMBER_OBJECT_CONVERSION = YES_AGGRESSIVE;
				CLANG_CXX_LANGUAGE_STANDARD = "gnu++20";
				CLANG_ENABLE_MODULES = YES;
				CLANG_ENABLE_OBJC_ARC = YES;
				CLANG_ENABLE_OBJC_WEAK = YES;
				CLANG_WARN_BLOCK_CAPTURE_AUTORELEASING = YES;
				CLANG_WARN_BOOL_CONVERSION = YES;
				CLANG_WARN_COMMA = YES;
				CLANG_WARN_CONSTANT_CONVERSION = YES;
				CLANG_WARN_DEPRECATED_OBJC_IMPLEMENTATIONS = YES;
				CLANG_WARN_DIRECT_OBJC_ISA_USAGE = YES_ERROR;
				CLANG_WARN_DOCUMENTATION_COMMENTS = YES;
				CLANG_WARN_EMPTY_BODY = YES;
				CLANG_WARN_ENUM_CONVERSION = YES;
				CLANG_WARN_INFINITE_RECURSION = YES;
				CLANG_WARN_INT_CONVERSION = YES;
				CLANG_WARN_NON_LITERAL_NULL_CONVERSION = YES;
				CLANG_WARN_OBJC_IMPLICIT_RETAIN_SELF = YES;
				CLANG_WARN_OBJC_LITERAL_CONVERSION = YES;
				CLANG_WARN_OBJC_ROOT_CLASS = YES_ERROR;
				CLANG_WARN_QUOTED_INCLUDE_IN_FRAMEWORK_HEADER = YES;
				CLANG_WARN_RANGE_LOOP_ANALYSIS = YES;
				CLANG_WARN_STRICT_PROTOTYPES = YES;
				CLANG_WARN_SUSPICIOUS_MOVE = YES;
				CLANG_WARN_UNGUARDED_AVAILABILITY = YES_AGGRESSIVE;
				CLANG_WARN_UNREACHABLE_CODE = YES;
				CLANG_WARN__DUPLICATE_METHOD_MATCH = YES;
				COPY_PHASE_STRIP = NO;
				DEBUG_INFORMATION_FORMAT = "dwarf-with-dsym";
				DEVELOPMENT_TEAM = AQMR747B88;
				ENABLE_NS_ASSERTIONS = NO;
				ENABLE_STRICT_OBJC_MSGSEND = YES;
				ENABLE_USER_SCRIPT_SANDBOXING = YES;
				GCC_C_LANGUAGE_STANDARD = gnu17;
				GCC_NO_COMMON_BLOCKS = YES;
				GCC_WARN_64_TO_32_BIT_CONVERSION = YES;
				GCC_WARN_ABOUT_RETURN_TYPE = YES_ERROR;
				GCC_WARN_UNDECLARED_SELECTOR = YES;
				GCC_WARN_UNINITIALIZED_AUTOS = YES_AGGRESSIVE;
				GCC_WARN_UNUSED_FUNCTION = YES;
				GCC_WARN_UNUSED_VARIABLE = YES;
				IPHONEOS_DEPLOYMENT_TARGET = 18.5;
				LOCALIZATION_PREFERS_STRING_CATALOGS = YES;
				MTL_ENABLE_DEBUG_INFO = NO;
				MTL_FAST_MATH = YES;
				SDKROOT = iphoneos;
				SWIFT_COMPILATION_MODE = wholemodule;
				VALIDATE_PRODUCT = YES;
			};
			name = Release;
		};
		F7AA4B2A2E4532190019C34E /* Debug */ = {
			isa = XCBuildConfiguration;
			buildSettings = {
				ASSETCATALOG_COMPILER_APPICON_NAME = AppIcon;
				ASSETCATALOG_COMPILER_GLOBAL_ACCENT_COLOR_NAME = AccentColor;
				CODE_SIGN_STYLE = Automatic;
				CURRENT_PROJECT_VERSION = 1;
				DEVELOPMENT_TEAM = AQMR747B88;
				ENABLE_PREVIEWS = YES;
				GENERATE_INFOPLIST_FILE = YES;
				INFOPLIST_KEY_UIApplicationSceneManifest_Generation = YES;
				INFOPLIST_KEY_UIApplicationSupportsIndirectInputEvents = YES;
				INFOPLIST_KEY_UILaunchScreen_Generation = YES;
				INFOPLIST_KEY_UISupportedInterfaceOrientations_iPad = "UIInterfaceOrientationPortrait UIInterfaceOrientationPortraitUpsideDown UIInterfaceOrientationLandscapeLeft UIInterfaceOrientationLandscapeRight";
				INFOPLIST_KEY_UISupportedInterfaceOrientations_iPhone = "UIInterfaceOrientationPortrait UIInterfaceOrientationLandscapeLeft UIInterfaceOrientationLandscapeRight";
				LD_RUNPATH_SEARCH_PATHS = (
					"$(inherited)",
					"@executable_path/Frameworks",
				);
				MARKETING_VERSION = 1.0;
				PRODUCT_BUNDLE_IDENTIFIER = binizarz.TicketBox;
				PRODUCT_NAME = "$(TARGET_NAME)";
				SWIFT_EMIT_LOC_STRINGS = YES;
				SWIFT_VERSION = 5.0;
				TARGETED_DEVICE_FAMILY = "1,2";
			};
			name = Debug;
		};
		F7AA4B2B2E4532190019C34E /* Release */ = {
			isa = XCBuildConfiguration;
			buildSettings = {
				ASSETCATALOG_COMPILER_APPICON_NAME = AppIcon;
				ASSETCATALOG_COMPILER_GLOBAL_ACCENT_COLOR_NAME = AccentColor;
				CODE_SIGN_STYLE = Automatic;
				CURRENT_PROJECT_VERSION = 1;
				DEVELOPMENT_TEAM = AQMR747B88;
				ENABLE_PREVIEWS = YES;
				GENERATE_INFOPLIST_FILE = YES;
				INFOPLIST_KEY_UIApplicationSceneManifest_Generation = YES;
				INFOPLIST_KEY_UIApplicationSupportsIndirectInputEvents = YES;
				INFOPLIST_KEY_UILaunchScreen_Generation = YES;
				INFOPLIST_KEY_UISupportedInterfaceOrientations_iPad = "UIInterfaceOrientationPortrait UIInterfaceOrientationPortraitUpsideDown UIInterfaceOrientationLandscapeLeft UIInterfaceOrientationLandscapeRight";
				INFOPLIST_KEY_UISupportedInterfaceOrientations_iPhone = "UIInterfaceOrientationPortrait UIInterfaceOrientationLandscapeLeft UIInterfaceOrientationLandscapeRight";
				LD_RUNPATH_SEARCH_PATHS = (
					"$(inherited)",
					"@executable_path/Frameworks",
				);
				MARKETING_VERSION = 1.0;
				PRODUCT_BUNDLE_IDENTIFIER = binizarz.TicketBox;
				PRODUCT_NAME = "$(TARGET_NAME)";
				SWIFT_EMIT_LOC_STRINGS = YES;
				SWIFT_VERSION = 5.0;
				TARGETED_DEVICE_FAMILY = "1,2";
			};
			name = Release;
		};
		F7AA4B2D2E4532190019C34E /* Debug */ = {
			isa = XCBuildConfiguration;
			buildSettings = {
				BUNDLE_LOADER = "$(TEST_HOST)";
				CODE_SIGN_STYLE = Automatic;
				CURRENT_PROJECT_VERSION = 1;
				DEVELOPMENT_TEAM = AQMR747B88;
				GENERATE_INFOPLIST_FILE = YES;
				IPHONEOS_DEPLOYMENT_TARGET = 18.5;
				MARKETING_VERSION = 1.0;
				PRODUCT_BUNDLE_IDENTIFIER = binizarz.TicketBoxTests;
				PRODUCT_NAME = "$(TARGET_NAME)";
				SWIFT_EMIT_LOC_STRINGS = NO;
				SWIFT_VERSION = 5.0;
				TARGETED_DEVICE_FAMILY = "1,2";
				TEST_HOST = "$(BUILT_PRODUCTS_DIR)/TicketBox.app/$(BUNDLE_EXECUTABLE_FOLDER_PATH)/TicketBox";
			};
			name = Debug;
		};
		F7AA4B2E2E4532190019C34E /* Release */ = {
			isa = XCBuildConfiguration;
			buildSettings = {
				BUNDLE_LOADER = "$(TEST_HOST)";
				CODE_SIGN_STYLE = Automatic;
				CURRENT_PROJECT_VERSION = 1;
				DEVELOPMENT_TEAM = AQMR747B88;
				GENERATE_INFOPLIST_FILE = YES;
				IPHONEOS_DEPLOYMENT_TARGET = 18.5;
				MARKETING_VERSION = 1.0;
				PRODUCT_BUNDLE_IDENTIFIER = binizarz.TicketBoxTests;
				PRODUCT_NAME = "$(TARGET_NAME)";
				SWIFT_EMIT_LOC_STRINGS = NO;
				SWIFT_VERSION = 5.0;
				TARGETED_DEVICE_FAMILY = "1,2";
				TEST_HOST = "$(BUILT_PRODUCTS_DIR)/TicketBox.app/$(BUNDLE_EXECUTABLE_FOLDER_PATH)/TicketBox";
			};
			name = Release;
		};
		F7AA4B302E4532190019C34E /* Debug */ = {
			isa = XCBuildConfiguration;
			buildSettings = {
				CODE_SIGN_STYLE = Automatic;
				CURRENT_PROJECT_VERSION = 1;
				DEVELOPMENT_TEAM = AQMR747B88;
				GENERATE_INFOPLIST_FILE = YES;
				MARKETING_VERSION = 1.0;
				PRODUCT_BUNDLE_IDENTIFIER = binizarz.TicketBoxUITests;
				PRODUCT_NAME = "$(TARGET_NAME)";
				SWIFT_EMIT_LOC_STRINGS = NO;
				SWIFT_VERSION = 5.0;
				TARGETED_DEVICE_FAMILY = "1,2";
				TEST_TARGET_NAME = TicketBox;
			};
			name = Debug;
		};
		F7AA4B312E4532190019C34E /* Release */ = {
			isa = XCBuildConfiguration;
			buildSettings = {
				CODE_SIGN_STYLE = Automatic;
				CURRENT_PROJECT_VERSION = 1;
				DEVELOPMENT_TEAM = AQMR747B88;
				GENERATE_INFOPLIST_FILE = YES;
				MARKETING_VERSION = 1.0;
				PRODUCT_BUNDLE_IDENTIFIER = binizarz.TicketBoxUITests;
				PRODUCT_NAME = "$(TARGET_NAME)";
				SWIFT_EMIT_LOC_STRINGS = NO;
				SWIFT_VERSION = 5.0;
				TARGETED_DEVICE_FAMILY = "1,2";
				TEST_TARGET_NAME = TicketBox;
			};
			name = Release;
		};
/* End XCBuildConfiguration section */

/* Begin XCConfigurationList section */
		F7AA4B032E4532180019C34E /* Build configuration list for PBXProject "TicketBox" */ = {
			isa = XCConfigurationList;
			buildConfigurations = (
				F7AA4B272E4532190019C34E /* Debug */,
				F7AA4B282E4532190019C34E /* Release */,
			);
			defaultConfigurationIsVisible = 0;
			defaultConfigurationName = Release;
		};
		F7AA4B292E4532190019C34E /* Build configuration list for PBXNativeTarget "TicketBox" */ = {
			isa = XCConfigurationList;
			buildConfigurations = (
				F7AA4B2A2E4532190019C34E /* Debug */,
				F7AA4B2B2E4532190019C34E /* Release */,
			);
			defaultConfigurationIsVisible = 0;
			defaultConfigurationName = Release;
		};
		F7AA4B2C2E4532190019C34E /* Build configuration list for PBXNativeTarget "TicketBoxTests" */ = {
			isa = XCConfigurationList;
			buildConfigurations = (
				F7AA4B2D2E4532190019C34E /* Debug */,
				F7AA4B2E2E4532190019C34E /* Release */,
			);
			defaultConfigurationIsVisible = 0;
			defaultConfigurationName = Release;
		};
		F7AA4B2F2E4532190019C34E /* Build configuration list for PBXNativeTarget "TicketBoxUITests" */ = {
			isa = XCConfigurationList;
			buildConfigurations = (
				F7AA4B302E4532190019C34E /* Debug */,
				F7AA4B312E4532190019C34E /* Release */,
			);
			defaultConfigurationIsVisible = 0;
			defaultConfigurationName = Release;
		};
/* End XCConfigurationList section */
	};
	rootObject = F7AA4B002E4532180019C34E /* Project object */;
}
